
Microsoft Visual Studio Solution File, Format Version 12.00
# Visual Studio Version 17
VisualStudioVersion = 17.7.34202.233
MinimumVisualStudioVersion = 10.0.40219.1
Project("{8BC9CEB8-8B4A-11D0-8D11-00A0C91BC942}") = "PR 6.1 iter", "PR 6.1 iter\PR 6.1 iter.vcxproj", "{ABA887AE-CDE4-41A2-A340-3122D1AAF0DE}"
EndProject
Project("{8BC9CEB8-8B4A-11D0-8D11-00A0C91BC942}") = "UnitTest1", "UnitTest1\UnitTest1.vcxproj", "{330966A8-2879-4E21-9423-B440DD8BE761}"
EndProject
Global
	GlobalSection(SolutionConfigurationPlatforms) = preSolution
		Debug|x64 = Debug|x64
		Debug|x86 = Debug|x86
		Release|x64 = Release|x64
		Release|x86 = Release|x86
	EndGlobalSection
	GlobalSection(ProjectConfigurationPlatforms) = postSolution
		{ABA887AE-CDE4-41A2-A340-3122D1AAF0DE}.Debug|x64.ActiveCfg = Debug|x64
		{ABA887AE-CDE4-41A2-A340-3122D1AAF0DE}.Debug|x64.Build.0 = Debug|x64
		{ABA887AE-CDE4-41A2-A340-3122D1AAF0DE}.Debug|x86.ActiveCfg = Debug|Win32
		{ABA887AE-CDE4-41A2-A340-3122D1AAF0DE}.Debug|x86.Build.0 = Debug|Win32
		{ABA887AE-CDE4-41A2-A340-3122D1AAF0DE}.Release|x64.ActiveCfg = Release|x64
		{ABA887AE-CDE4-41A2-A340-3122D1AAF0DE}.Release|x64.Build.0 = Release|x64
		{ABA887AE-CDE4-41A2-A340-3122D1AAF0DE}.Release|x86.ActiveCfg = Release|Win32
		{ABA887AE-CDE4-41A2-A340-3122D1AAF0DE}.Release|x86.Build.0 = Release|Win32
		{330966A8-2879-4E21-9423-B440DD8BE761}.Debug|x64.ActiveCfg = Debug|x64
		{330966A8-2879-4E21-9423-B440DD8BE761}.Debug|x64.Build.0 = Debug|x64
		{330966A8-2879-4E21-9423-B440DD8BE761}.Debug|x86.ActiveCfg = Debug|Win32
		{330966A8-2879-4E21-9423-B440DD8BE761}.Debug|x86.Build.0 = Debug|Win32
		{330966A8-2879-4E21-9423-B440DD8BE761}.Release|x64.ActiveCfg = Release|x64
		{330966A8-2879-4E21-9423-B440DD8BE761}.Release|x64.Build.0 = Release|x64
		{330966A8-2879-4E21-9423-B440DD8BE761}.Release|x86.ActiveCfg = Release|Win32
		{330966A8-2879-4E21-9423-B440DD8BE761}.Release|x86.Build.0 = Release|Win32
	EndGlobalSection
	GlobalSection(SolutionProperties) = preSolution
		HideSolutionNode = FALSE
	EndGlobalSection
	GlobalSection(ExtensibilityGlobals) = postSolution
		SolutionGuid = {69EDD98E-E935-4170-A4BE-2F62CD7EEF46}
	EndGlobalSection
EndGlobal
